# THIS IS AN AUTOGENERATED FILE. DO NOT EDIT THIS FILE DIRECTLY.
# yarn lockfile v1


"@esbuild/darwin-arm64@0.17.19":
  "integrity" "sha512-80wEoCfF/hFKM6WE1FyBHc9SfUblloAWx6FJkFWTWiCoht9Mc0ARGEM47e67W9rI09YoUxJL68WHfDRYEAvOhg=="
  "resolved" "https://registry.npmjs.org/@esbuild/darwin-arm64/-/darwin-arm64-0.17.19.tgz"
  "version" "0.17.19"

"@neos-project/neos-ui-extensibility@~8.3.0":
  "integrity" "sha512-thhE0LBNTA/FclFcz42JWsYSIODtb3QUSl9+JZBk7npB6xxsuaxaU9SDqT9MwS72X//qKwqnU01fDW/w/yrlIg=="
  "resolved" "https://registry.npmjs.org/@neos-project/neos-ui-extensibility/-/neos-ui-extensibility-8.3.11.tgz"
  "version" "8.3.11"
  dependencies:
    "@neos-project/positional-array-sorter" "8.3.11"

"@neos-project/positional-array-sorter@8.3.11":
  "integrity" "sha512-Bo1JjzidH3yUFeBcr0e0sv+K8VAdDmO1gqTMpRusfozV+kR0Rcmb2qJJ/dgNaHI6BcNpecLZF6EJDzrqwO1Ueg=="
  "resolved" "https://registry.npmjs.org/@neos-project/positional-array-sorter/-/positional-array-sorter-8.3.11.tgz"
  "version" "8.3.11"

"esbuild@~0.17.18":
  "integrity" "sha512-XQ0jAPFkK/u3LcVRcvVHQcTIqD6E2H1fvZMA5dQPSOWb3suUbWbfbRf94pjc0bNzRYLfIrDRQXr7X+LHIm5oHw=="
  "resolved" "https://registry.npmjs.org/esbuild/-/esbuild-0.17.19.tgz"
  "version" "0.17.19"
  optionalDependencies:
    "@esbuild/android-arm" "0.17.19"
    "@esbuild/android-arm64" "0.17.19"
    "@esbuild/android-x64" "0.17.19"
    "@esbuild/darwin-arm64" "0.17.19"
    "@esbuild/darwin-x64" "0.17.19"
    "@esbuild/freebsd-arm64" "0.17.19"
    "@esbuild/freebsd-x64" "0.17.19"
    "@esbuild/linux-arm" "0.17.19"
    "@esbuild/linux-arm64" "0.17.19"
    "@esbuild/linux-ia32" "0.17.19"
    "@esbuild/linux-loong64" "0.17.19"
    "@esbuild/linux-mips64el" "0.17.19"
    "@esbuild/linux-ppc64" "0.17.19"
    "@esbuild/linux-riscv64" "0.17.19"
    "@esbuild/linux-s390x" "0.17.19"
    "@esbuild/linux-x64" "0.17.19"
    "@esbuild/netbsd-x64" "0.17.19"
    "@esbuild/openbsd-x64" "0.17.19"
    "@esbuild/sunos-x64" "0.17.19"
    "@esbuild/win32-arm64" "0.17.19"
    "@esbuild/win32-ia32" "0.17.19"
    "@esbuild/win32-x64" "0.17.19"
